github.com/go-kratos/kratos/v2 v2.8.2 h1:EsEA7AmPQ2YQQ0FZrDWO2HgBNqeWM8z/mWKzS5UkQaQ=
github.com/go-kratos/kratos/v2 v2.8.2/go.mod h1:+Vfe3FzF0d+BfMdajA11jT0rAyJWublRE/seZQNZVxE=
github.com/goexts/generic v0.1.0 h1:C6xn8/Xu4KBGSFvMP0CMAhle5HDqqX3iShE3EKV3WYI=
github.com/goexts/generic v0.1.0/go.mod h1:j/ZjWHYt+If6VjeHWvDhYKdoP+gAiAKpm0cu3yvKmfo=
golang.org/x/sync v0.5.0 h1:60k92dhOjHxJkrqnwsfl8KuaHbn/5dl0lUPUklKo3qE=
golang.org/x/sync v0.5.0/go.mod h1:Czt+wKu1gCyEFDUtn0jG5QVvpJ6rzVqr5aXyt9drQfk=
